
Microsoft Visual Studio Solution File, Format Version 12.00
# Visual Studio 15
VisualStudioVersion = 15.0.26403.0
MinimumVisualStudioVersion = 10.0.40219.1
Project("{FAE04EC0-301F-11D3-BF4B-00C04F79EFBC}") = "TestDatabaseSeed", "TestDatabaseSeed\TestDatabaseSeed.csproj", "{11DA0437-4FC0-45CB-826F-E6AB0144357F}"
EndProject
Project("{FAE04EC0-301F-11D3-BF4B-00C04F79EFBC}") = "TestDatabaseCli", "TestDatabaseCli\TestDatabaseCli.csproj", "{70EEB03C-F06B-4905-8889-28613910D1C1}"
EndProject
Global
	GlobalSection(SolutionConfigurationPlatforms) = preSolution
		Debug|Any CPU = Debug|Any CPU
		Release|Any CPU = Release|Any CPU
	EndGlobalSection
	GlobalSection(ProjectConfigurationPlatforms) = postSolution
		{11DA0437-4FC0-45CB-826F-E6AB0144357F}.Debug|Any CPU.ActiveCfg = Debug|Any CPU
		{11DA0437-4FC0-45CB-826F-E6AB0144357F}.Debug|Any CPU.Build.0 = Debug|Any CPU
		{11DA0437-4FC0-45CB-826F-E6AB0144357F}.Release|Any CPU.ActiveCfg = Release|Any CPU
		{11DA0437-4FC0-45CB-826F-E6AB0144357F}.Release|Any CPU.Build.0 = Release|Any CPU
		{70EEB03C-F06B-4905-8889-28613910D1C1}.Debug|Any CPU.ActiveCfg = Debug|Any CPU
		{70EEB03C-F06B-4905-8889-28613910D1C1}.Debug|Any CPU.Build.0 = Debug|Any CPU
		{70EEB03C-F06B-4905-8889-28613910D1C1}.Release|Any CPU.ActiveCfg = Release|Any CPU
		{70EEB03C-F06B-4905-8889-28613910D1C1}.Release|Any CPU.Build.0 = Release|Any CPU
	EndGlobalSection
	GlobalSection(SolutionProperties) = preSolution
		HideSolutionNode = FALSE
	EndGlobalSection
EndGlobal
